
Microsoft Visual Studio Solution File, Format Version 12.00
# Visual Studio Version 17
VisualStudioVersion = 17.14.36429.23 d17.14
MinimumVisualStudioVersion = 10.0.40219.1
Project("{2150E333-8FDC-42A3-9474-1A3956D46DE8}") = "Task0", "Task0", "{02EA681E-C7D8-13C7-8484-4AC65E1B71E8}"
EndProject
Project("{FAE04EC0-301F-11D3-BF4B-00C04F79EFBC}") = "Tyuiu.MarakovAD.Sprint6.Task0.V14.Test", "Tyuiu.MarakovAD.Sprint6.Task0.V14.Test\Tyuiu.MarakovAD.Sprint6.Task0.V14.Test.csproj", "{9554BF17-CC7C-46B9-94BB-C009F5CD882D}"
EndProject
Project("{FAE04EC0-301F-11D3-BF4B-00C04F79EFBC}") = "Tyuiu.MarakovAD.Sprint6.Task0.V14.Lib", "Tyuiu.MarakovAD.Sprint6.Task0.V14.Lib\Tyuiu.MarakovAD.Sprint6.Task0.V14.Lib.csproj", "{F19FEF6B-2B3C-4387-A3AB-344098F9FB70}"
EndProject
Project("{FAE04EC0-301F-11D3-BF4B-00C04F79EFBC}") = "Tyuiu.MarakovAD.Sprint6.Task0.V14", "Tyuiu.MarakovAD.Sprint6.Task0.V14\Tyuiu.MarakovAD.Sprint6.Task0.V14.csproj", "{5687DF56-36E4-4675-9165-8A50081B1035}"
EndProject
Project("{2150E333-8FDC-42A3-9474-1A3956D46DE8}") = "Task1", "Task1", "{14692184-5CCD-4E20-BA4A-07CCE26B6C92}"
EndProject
Project("{FAE04EC0-301F-11D3-BF4B-00C04F79EFBC}") = "Tyuiu.MarakovAD.Sprint6.Task1.V17.Lib", "Tyuiu.MarakovAD.Sprint6.Task1.V17.Lib\Tyuiu.MarakovAD.Sprint6.Task1.V17.Lib.csproj", "{C4CF92A0-ADF7-4A0D-8D0A-1B6D72D873A1}"
EndProject
Project("{FAE04EC0-301F-11D3-BF4B-00C04F79EFBC}") = "Tyuiu.MarakovAD.Sprint6.Task1.V17.Test", "Tyuiu.MarakovAD.Sprint6.Task1.V17.Test\Tyuiu.MarakovAD.Sprint6.Task1.V17.Test.csproj", "{FE1F4058-88C0-4469-B821-836D24B9564D}"
EndProject
Project("{FAE04EC0-301F-11D3-BF4B-00C04F79EFBC}") = "Tyuiu.MarakovAD.Sprint6.Task1.V17", "Tyuiu.MarakovAD.Sprint6.Task1.V17\Tyuiu.MarakovAD.Sprint6.Task1.V17.csproj", "{213761C6-3691-4984-B21C-E9CC2608082B}"
EndProject
Global
	GlobalSection(SolutionConfigurationPlatforms) = preSolution
		Debug|Any CPU = Debug|Any CPU
		Release|Any CPU = Release|Any CPU
	EndGlobalSection
	GlobalSection(ProjectConfigurationPlatforms) = postSolution
		{9554BF17-CC7C-46B9-94BB-C009F5CD882D}.Debug|Any CPU.ActiveCfg = Debug|Any CPU
		{9554BF17-CC7C-46B9-94BB-C009F5CD882D}.Debug|Any CPU.Build.0 = Debug|Any CPU
		{9554BF17-CC7C-46B9-94BB-C009F5CD882D}.Release|Any CPU.ActiveCfg = Release|Any CPU
		{9554BF17-CC7C-46B9-94BB-C009F5CD882D}.Release|Any CPU.Build.0 = Release|Any CPU
		{F19FEF6B-2B3C-4387-A3AB-344098F9FB70}.Debug|Any CPU.ActiveCfg = Debug|Any CPU
		{F19FEF6B-2B3C-4387-A3AB-344098F9FB70}.Debug|Any CPU.Build.0 = Debug|Any CPU
		{F19FEF6B-2B3C-4387-A3AB-344098F9FB70}.Release|Any CPU.ActiveCfg = Release|Any CPU
		{F19FEF6B-2B3C-4387-A3AB-344098F9FB70}.Release|Any CPU.Build.0 = Release|Any CPU
		{5687DF56-36E4-4675-9165-8A50081B1035}.Debug|Any CPU.ActiveCfg = Debug|Any CPU
		{5687DF56-36E4-4675-9165-8A50081B1035}.Debug|Any CPU.Build.0 = Debug|Any CPU
		{5687DF56-36E4-4675-9165-8A50081B1035}.Release|Any CPU.ActiveCfg = Release|Any CPU
		{5687DF56-36E4-4675-9165-8A50081B1035}.Release|Any CPU.Build.0 = Release|Any CPU
		{C4CF92A0-ADF7-4A0D-8D0A-1B6D72D873A1}.Debug|Any CPU.ActiveCfg = Debug|Any CPU
		{C4CF92A0-ADF7-4A0D-8D0A-1B6D72D873A1}.Debug|Any CPU.Build.0 = Debug|Any CPU
		{C4CF92A0-ADF7-4A0D-8D0A-1B6D72D873A1}.Release|Any CPU.ActiveCfg = Release|Any CPU
		{C4CF92A0-ADF7-4A0D-8D0A-1B6D72D873A1}.Release|Any CPU.Build.0 = Release|Any CPU
		{FE1F4058-88C0-4469-B821-836D24B9564D}.Debug|Any CPU.ActiveCfg = Debug|Any CPU
		{FE1F4058-88C0-4469-B821-836D24B9564D}.Debug|Any CPU.Build.0 = Debug|Any CPU
		{FE1F4058-88C0-4469-B821-836D24B9564D}.Release|Any CPU.ActiveCfg = Release|Any CPU
		{FE1F4058-88C0-4469-B821-836D24B9564D}.Release|Any CPU.Build.0 = Release|Any CPU
		{213761C6-3691-4984-B21C-E9CC2608082B}.Debug|Any CPU.ActiveCfg = Debug|Any CPU
		{213761C6-3691-4984-B21C-E9CC2608082B}.Debug|Any CPU.Build.0 = Debug|Any CPU
		{213761C6-3691-4984-B21C-E9CC2608082B}.Release|Any CPU.ActiveCfg = Release|Any CPU
		{213761C6-3691-4984-B21C-E9CC2608082B}.Release|Any CPU.Build.0 = Release|Any CPU
	EndGlobalSection
	GlobalSection(SolutionProperties) = preSolution
		HideSolutionNode = FALSE
	EndGlobalSection
	GlobalSection(NestedProjects) = preSolution
		{9554BF17-CC7C-46B9-94BB-C009F5CD882D} = {02EA681E-C7D8-13C7-8484-4AC65E1B71E8}
		{F19FEF6B-2B3C-4387-A3AB-344098F9FB70} = {02EA681E-C7D8-13C7-8484-4AC65E1B71E8}
		{5687DF56-36E4-4675-9165-8A50081B1035} = {02EA681E-C7D8-13C7-8484-4AC65E1B71E8}
		{C4CF92A0-ADF7-4A0D-8D0A-1B6D72D873A1} = {14692184-5CCD-4E20-BA4A-07CCE26B6C92}
		{FE1F4058-88C0-4469-B821-836D24B9564D} = {14692184-5CCD-4E20-BA4A-07CCE26B6C92}
		{213761C6-3691-4984-B21C-E9CC2608082B} = {14692184-5CCD-4E20-BA4A-07CCE26B6C92}
	EndGlobalSection
	GlobalSection(ExtensibilityGlobals) = postSolution
		SolutionGuid = {F4DBD265-8CB0-4D09-A976-1A6FA14F9021}
	EndGlobalSection
EndGlobal
