
Microsoft Visual Studio Solution File, Format Version 12.00
# Visual Studio Version 17
VisualStudioVersion = 17.14.36429.23
MinimumVisualStudioVersion = 10.0.40219.1
Project("{2150E333-8FDC-42A3-9474-1A3956D46DE8}") = "Task0", "Task0", "{02EA681E-C7D8-13C7-8484-4AC65E1B71E8}"
EndProject
Project("{FAE04EC0-301F-11D3-BF4B-00C04F79EFBC}") = "Tyuiu.MarakovAD.Sprint6.Task0.V14.Test", "Tyuiu.MarakovAD.Sprint6.Task0.V14.Test\Tyuiu.MarakovAD.Sprint6.Task0.V14.Test.csproj", "{9554BF17-CC7C-46B9-94BB-C009F5CD882D}"
EndProject
Project("{FAE04EC0-301F-11D3-BF4B-00C04F79EFBC}") = "Tyuiu.MarakovAD.Sprint6.Task0.V14.Lib", "Tyuiu.MarakovAD.Sprint6.Task0.V14.Lib\Tyuiu.MarakovAD.Sprint6.Task0.V14.Lib.csproj", "{F19FEF6B-2B3C-4387-A3AB-344098F9FB70}"
EndProject
Project("{FAE04EC0-301F-11D3-BF4B-00C04F79EFBC}") = "Tyuiu.MarakovAD.Sprint6.Task0.V14", "Tyuiu.MarakovAD.Sprint6.Task0.V14\Tyuiu.MarakovAD.Sprint6.Task0.V14.csproj", "{5687DF56-36E4-4675-9165-8A50081B1035}"
EndProject
Project("{2150E333-8FDC-42A3-9474-1A3956D46DE8}") = "Task1", "Task1", "{14692184-5CCD-4E20-BA4A-07CCE26B6C92}"
EndProject
Project("{FAE04EC0-301F-11D3-BF4B-00C04F79EFBC}") = "Tyuiu.MarakovAD.Sprint6.Task1.V17.Lib", "Tyuiu.MarakovAD.Sprint6.Task1.V17.Lib\Tyuiu.MarakovAD.Sprint6.Task1.V17.Lib.csproj", "{C4CF92A0-ADF7-4A0D-8D0A-1B6D72D873A1}"
EndProject
Project("{FAE04EC0-301F-11D3-BF4B-00C04F79EFBC}") = "Tyuiu.MarakovAD.Sprint6.Task1.V17.Test", "Tyuiu.MarakovAD.Sprint6.Task1.V17.Test\Tyuiu.MarakovAD.Sprint6.Task1.V17.Test.csproj", "{FE1F4058-88C0-4469-B821-836D24B9564D}"
EndProject
Project("{FAE04EC0-301F-11D3-BF4B-00C04F79EFBC}") = "Tyuiu.MarakovAD.Sprint6.Task1.V17", "Tyuiu.MarakovAD.Sprint6.Task1.V17\Tyuiu.MarakovAD.Sprint6.Task1.V17.csproj", "{213761C6-3691-4984-B21C-E9CC2608082B}"
EndProject
Project("{2150E333-8FDC-42A3-9474-1A3956D46DE8}") = "Task2", "Task2", "{26580503-137A-4111-9D7A-CC6DF202F88C}"
EndProject
Project("{FAE04EC0-301F-11D3-BF4B-00C04F79EFBC}") = "Tyuiu.MarakovAD.Sprint6.Task2.V6.Test", "Tyuiu.MarakovAD.Sprint6.Task2.V6.Test\Tyuiu.MarakovAD.Sprint6.Task2.V6.Test.csproj", "{53982231-25E9-4468-87F3-6EE5B80A0C76}"
EndProject
Project("{FAE04EC0-301F-11D3-BF4B-00C04F79EFBC}") = "Tyuiu.MarakovAD.Sprint6.Task2.V6.Lib", "Tyuiu.MarakovAD.Sprint6.Task2.V6.Lib\Tyuiu.MarakovAD.Sprint6.Task2.V6.Lib.csproj", "{2879C6E6-30B2-4557-9489-E02163CAE285}"
EndProject
Project("{FAE04EC0-301F-11D3-BF4B-00C04F79EFBC}") = "Tyuiu.MarakovAD.Sprint6.Task2.V6", "Tyuiu.MarakovAD.Sprint6.Task2.V6\Tyuiu.MarakovAD.Sprint6.Task2.V6.csproj", "{D094EFB4-2A25-46C3-B1C8-34C3EEE4EB8A}"
EndProject
Project("{2150E333-8FDC-42A3-9474-1A3956D46DE8}") = "Task3", "Task3", "{A2A2B05E-1327-4521-BD2C-13E7A6F52458}"
EndProject
Project("{FAE04EC0-301F-11D3-BF4B-00C04F79EFBC}") = "Tyuiu.MarakovAD.Sprint6.Task3.V9.Test", "Tyuiu.MarakovAD.Sprint6.Task3.V9.Test\Tyuiu.MarakovAD.Sprint6.Task3.V9.Test.csproj", "{7ABA60BA-3398-4619-9622-6D8826D1CF0A}"
EndProject
Project("{FAE04EC0-301F-11D3-BF4B-00C04F79EFBC}") = "Tyuiu.MarakovAD.Sprint6.Task3.V9.Lib", "Tyuiu.MarakovAD.Sprint6.Task3.V9.Lib\Tyuiu.MarakovAD.Sprint6.Task3.V9.Lib.csproj", "{203E5259-36B6-4492-AC9B-BE50A93836F5}"
EndProject
Project("{FAE04EC0-301F-11D3-BF4B-00C04F79EFBC}") = "Tyuiu.MarakovAD.Sprint6.Task3.V9", "Tyuiu.MarakovAD.Sprint6.Task3.V9\Tyuiu.MarakovAD.Sprint6.Task3.V9.csproj", "{148FD7D6-4844-433A-A98E-7A53A1AAC104}"
EndProject
Project("{2150E333-8FDC-42A3-9474-1A3956D46DE8}") = "Task4", "Task4", "{1DE9488B-FACF-42EA-80BD-9724ECF9A654}"
EndProject
Project("{FAE04EC0-301F-11D3-BF4B-00C04F79EFBC}") = "Tyuiu.MarakovAD.Sprint6.Task4.V15.Test", "Tyuiu.MarakovAD.Sprint6.Task4.V15.Test\Tyuiu.MarakovAD.Sprint6.Task4.V15.Test.csproj", "{33B08B91-222D-4642-B691-29FBF78753F1}"
EndProject
Project("{FAE04EC0-301F-11D3-BF4B-00C04F79EFBC}") = "Tyuiu.MarakovAD.Sprint6.Task4.V15.Lib", "Tyuiu.MarakovAD.Sprint6.Task4.V15.Lib\Tyuiu.MarakovAD.Sprint6.Task4.V15.Lib.csproj", "{AC4B0CF1-D604-4AB2-8CB0-53EDB15A4C0F}"
EndProject
Project("{FAE04EC0-301F-11D3-BF4B-00C04F79EFBC}") = "Tyuiu.MarakovAD.Sprint6.Task4.V15", "Tyuiu.MarakovAD.Sprint6.Task4.V15\Tyuiu.MarakovAD.Sprint6.Task4.V15.csproj", "{AC835C5F-844E-4AB2-901D-80922B6221C3}"
EndProject
Project("{FAE04EC0-301F-11D3-BF4B-00C04F79EFBC}") = "ConsoleApp1", "ConsoleApp1\ConsoleApp1.csproj", "{8988C0D9-8848-41F0-975E-F1009F1B9380}"
EndProject
Global
	GlobalSection(SolutionConfigurationPlatforms) = preSolution
		Debug|Any CPU = Debug|Any CPU
		Release|Any CPU = Release|Any CPU
	EndGlobalSection
	GlobalSection(ProjectConfigurationPlatforms) = postSolution
		{9554BF17-CC7C-46B9-94BB-C009F5CD882D}.Debug|Any CPU.ActiveCfg = Debug|Any CPU
		{9554BF17-CC7C-46B9-94BB-C009F5CD882D}.Debug|Any CPU.Build.0 = Debug|Any CPU
		{9554BF17-CC7C-46B9-94BB-C009F5CD882D}.Release|Any CPU.ActiveCfg = Release|Any CPU
		{9554BF17-CC7C-46B9-94BB-C009F5CD882D}.Release|Any CPU.Build.0 = Release|Any CPU
		{F19FEF6B-2B3C-4387-A3AB-344098F9FB70}.Debug|Any CPU.ActiveCfg = Debug|Any CPU
		{F19FEF6B-2B3C-4387-A3AB-344098F9FB70}.Debug|Any CPU.Build.0 = Debug|Any CPU
		{F19FEF6B-2B3C-4387-A3AB-344098F9FB70}.Release|Any CPU.ActiveCfg = Release|Any CPU
		{F19FEF6B-2B3C-4387-A3AB-344098F9FB70}.Release|Any CPU.Build.0 = Release|Any CPU
		{5687DF56-36E4-4675-9165-8A50081B1035}.Debug|Any CPU.ActiveCfg = Debug|Any CPU
		{5687DF56-36E4-4675-9165-8A50081B1035}.Debug|Any CPU.Build.0 = Debug|Any CPU
		{5687DF56-36E4-4675-9165-8A50081B1035}.Release|Any CPU.ActiveCfg = Release|Any CPU
		{5687DF56-36E4-4675-9165-8A50081B1035}.Release|Any CPU.Build.0 = Release|Any CPU
		{C4CF92A0-ADF7-4A0D-8D0A-1B6D72D873A1}.Debug|Any CPU.ActiveCfg = Debug|Any CPU
		{C4CF92A0-ADF7-4A0D-8D0A-1B6D72D873A1}.Debug|Any CPU.Build.0 = Debug|Any CPU
		{C4CF92A0-ADF7-4A0D-8D0A-1B6D72D873A1}.Release|Any CPU.ActiveCfg = Release|Any CPU
		{C4CF92A0-ADF7-4A0D-8D0A-1B6D72D873A1}.Release|Any CPU.Build.0 = Release|Any CPU
		{FE1F4058-88C0-4469-B821-836D24B9564D}.Debug|Any CPU.ActiveCfg = Debug|Any CPU
		{FE1F4058-88C0-4469-B821-836D24B9564D}.Debug|Any CPU.Build.0 = Debug|Any CPU
		{FE1F4058-88C0-4469-B821-836D24B9564D}.Release|Any CPU.ActiveCfg = Release|Any CPU
		{FE1F4058-88C0-4469-B821-836D24B9564D}.Release|Any CPU.Build.0 = Release|Any CPU
		{213761C6-3691-4984-B21C-E9CC2608082B}.Debug|Any CPU.ActiveCfg = Debug|Any CPU
		{213761C6-3691-4984-B21C-E9CC2608082B}.Debug|Any CPU.Build.0 = Debug|Any CPU
		{213761C6-3691-4984-B21C-E9CC2608082B}.Release|Any CPU.ActiveCfg = Release|Any CPU
		{213761C6-3691-4984-B21C-E9CC2608082B}.Release|Any CPU.Build.0 = Release|Any CPU
		{53982231-25E9-4468-87F3-6EE5B80A0C76}.Debug|Any CPU.ActiveCfg = Debug|Any CPU
		{53982231-25E9-4468-87F3-6EE5B80A0C76}.Debug|Any CPU.Build.0 = Debug|Any CPU
		{53982231-25E9-4468-87F3-6EE5B80A0C76}.Release|Any CPU.ActiveCfg = Release|Any CPU
		{53982231-25E9-4468-87F3-6EE5B80A0C76}.Release|Any CPU.Build.0 = Release|Any CPU
		{2879C6E6-30B2-4557-9489-E02163CAE285}.Debug|Any CPU.ActiveCfg = Debug|Any CPU
		{2879C6E6-30B2-4557-9489-E02163CAE285}.Debug|Any CPU.Build.0 = Debug|Any CPU
		{2879C6E6-30B2-4557-9489-E02163CAE285}.Release|Any CPU.ActiveCfg = Release|Any CPU
		{2879C6E6-30B2-4557-9489-E02163CAE285}.Release|Any CPU.Build.0 = Release|Any CPU
		{D094EFB4-2A25-46C3-B1C8-34C3EEE4EB8A}.Debug|Any CPU.ActiveCfg = Debug|Any CPU
		{D094EFB4-2A25-46C3-B1C8-34C3EEE4EB8A}.Debug|Any CPU.Build.0 = Debug|Any CPU
		{D094EFB4-2A25-46C3-B1C8-34C3EEE4EB8A}.Release|Any CPU.ActiveCfg = Release|Any CPU
		{D094EFB4-2A25-46C3-B1C8-34C3EEE4EB8A}.Release|Any CPU.Build.0 = Release|Any CPU
		{7ABA60BA-3398-4619-9622-6D8826D1CF0A}.Debug|Any CPU.ActiveCfg = Debug|Any CPU
		{7ABA60BA-3398-4619-9622-6D8826D1CF0A}.Debug|Any CPU.Build.0 = Debug|Any CPU
		{7ABA60BA-3398-4619-9622-6D8826D1CF0A}.Release|Any CPU.ActiveCfg = Release|Any CPU
		{7ABA60BA-3398-4619-9622-6D8826D1CF0A}.Release|Any CPU.Build.0 = Release|Any CPU
		{203E5259-36B6-4492-AC9B-BE50A93836F5}.Debug|Any CPU.ActiveCfg = Debug|Any CPU
		{203E5259-36B6-4492-AC9B-BE50A93836F5}.Debug|Any CPU.Build.0 = Debug|Any CPU
		{203E5259-36B6-4492-AC9B-BE50A93836F5}.Release|Any CPU.ActiveCfg = Release|Any CPU
		{203E5259-36B6-4492-AC9B-BE50A93836F5}.Release|Any CPU.Build.0 = Release|Any CPU
		{148FD7D6-4844-433A-A98E-7A53A1AAC104}.Debug|Any CPU.ActiveCfg = Debug|Any CPU
		{148FD7D6-4844-433A-A98E-7A53A1AAC104}.Debug|Any CPU.Build.0 = Debug|Any CPU
		{148FD7D6-4844-433A-A98E-7A53A1AAC104}.Release|Any CPU.ActiveCfg = Release|Any CPU
		{148FD7D6-4844-433A-A98E-7A53A1AAC104}.Release|Any CPU.Build.0 = Release|Any CPU
		{33B08B91-222D-4642-B691-29FBF78753F1}.Debug|Any CPU.ActiveCfg = Debug|Any CPU
		{33B08B91-222D-4642-B691-29FBF78753F1}.Debug|Any CPU.Build.0 = Debug|Any CPU
		{33B08B91-222D-4642-B691-29FBF78753F1}.Release|Any CPU.ActiveCfg = Release|Any CPU
		{33B08B91-222D-4642-B691-29FBF78753F1}.Release|Any CPU.Build.0 = Release|Any CPU
		{AC4B0CF1-D604-4AB2-8CB0-53EDB15A4C0F}.Debug|Any CPU.ActiveCfg = Debug|Any CPU
		{AC4B0CF1-D604-4AB2-8CB0-53EDB15A4C0F}.Debug|Any CPU.Build.0 = Debug|Any CPU
		{AC4B0CF1-D604-4AB2-8CB0-53EDB15A4C0F}.Release|Any CPU.ActiveCfg = Release|Any CPU
		{AC4B0CF1-D604-4AB2-8CB0-53EDB15A4C0F}.Release|Any CPU.Build.0 = Release|Any CPU
		{AC835C5F-844E-4AB2-901D-80922B6221C3}.Debug|Any CPU.ActiveCfg = Debug|Any CPU
		{AC835C5F-844E-4AB2-901D-80922B6221C3}.Debug|Any CPU.Build.0 = Debug|Any CPU
		{AC835C5F-844E-4AB2-901D-80922B6221C3}.Release|Any CPU.ActiveCfg = Release|Any CPU
		{AC835C5F-844E-4AB2-901D-80922B6221C3}.Release|Any CPU.Build.0 = Release|Any CPU
		{8988C0D9-8848-41F0-975E-F1009F1B9380}.Debug|Any CPU.ActiveCfg = Debug|Any CPU
		{8988C0D9-8848-41F0-975E-F1009F1B9380}.Debug|Any CPU.Build.0 = Debug|Any CPU
		{8988C0D9-8848-41F0-975E-F1009F1B9380}.Release|Any CPU.ActiveCfg = Release|Any CPU
		{8988C0D9-8848-41F0-975E-F1009F1B9380}.Release|Any CPU.Build.0 = Release|Any CPU
	EndGlobalSection
	GlobalSection(SolutionProperties) = preSolution
		HideSolutionNode = FALSE
	EndGlobalSection
	GlobalSection(NestedProjects) = preSolution
		{9554BF17-CC7C-46B9-94BB-C009F5CD882D} = {02EA681E-C7D8-13C7-8484-4AC65E1B71E8}
		{F19FEF6B-2B3C-4387-A3AB-344098F9FB70} = {02EA681E-C7D8-13C7-8484-4AC65E1B71E8}
		{5687DF56-36E4-4675-9165-8A50081B1035} = {02EA681E-C7D8-13C7-8484-4AC65E1B71E8}
		{C4CF92A0-ADF7-4A0D-8D0A-1B6D72D873A1} = {14692184-5CCD-4E20-BA4A-07CCE26B6C92}
		{FE1F4058-88C0-4469-B821-836D24B9564D} = {14692184-5CCD-4E20-BA4A-07CCE26B6C92}
		{213761C6-3691-4984-B21C-E9CC2608082B} = {14692184-5CCD-4E20-BA4A-07CCE26B6C92}
		{53982231-25E9-4468-87F3-6EE5B80A0C76} = {26580503-137A-4111-9D7A-CC6DF202F88C}
		{2879C6E6-30B2-4557-9489-E02163CAE285} = {26580503-137A-4111-9D7A-CC6DF202F88C}
		{D094EFB4-2A25-46C3-B1C8-34C3EEE4EB8A} = {26580503-137A-4111-9D7A-CC6DF202F88C}
		{7ABA60BA-3398-4619-9622-6D8826D1CF0A} = {A2A2B05E-1327-4521-BD2C-13E7A6F52458}
		{203E5259-36B6-4492-AC9B-BE50A93836F5} = {A2A2B05E-1327-4521-BD2C-13E7A6F52458}
		{148FD7D6-4844-433A-A98E-7A53A1AAC104} = {A2A2B05E-1327-4521-BD2C-13E7A6F52458}
		{33B08B91-222D-4642-B691-29FBF78753F1} = {1DE9488B-FACF-42EA-80BD-9724ECF9A654}
		{AC4B0CF1-D604-4AB2-8CB0-53EDB15A4C0F} = {1DE9488B-FACF-42EA-80BD-9724ECF9A654}
		{AC835C5F-844E-4AB2-901D-80922B6221C3} = {1DE9488B-FACF-42EA-80BD-9724ECF9A654}
		{8988C0D9-8848-41F0-975E-F1009F1B9380} = {1DE9488B-FACF-42EA-80BD-9724ECF9A654}
	EndGlobalSection
	GlobalSection(ExtensibilityGlobals) = postSolution
		SolutionGuid = {F4DBD265-8CB0-4D09-A976-1A6FA14F9021}
	EndGlobalSection
EndGlobal
